Microsoft Visual Studio Solution File, Format Version 12.00
# Visual Studio Version 17
VisualStudioVersion = 17.5.2.0
MinimumVisualStudioVersion = 10.0.40219.1
Project("{FAE04EC0-301F-11D3-BF4B-00C04F79EFBC}") = "DeepSeekCode", "visualstudio_extension\DeepSeekCode.csproj", "{09DED285-A0AE-7644-2001-1F767122BD51}"
EndProject
Global
	GlobalSection(SolutionConfigurationPlatforms) = preSolution
		Debug|Any CPU = Debug|Any CPU
		Release|Any CPU = Release|Any CPU
	EndGlobalSection
	GlobalSection(ProjectConfigurationPlatforms) = postSolution
		{09DED285-A0AE-7644-2001-1F767122BD51}.Debug|Any CPU.ActiveCfg = Debug|Any CPU
		{09DED285-A0AE-7644-2001-1F767122BD51}.Debug|Any CPU.Build.0 = Debug|Any CPU
		{09DED285-A0AE-7644-2001-1F767122BD51}.Release|Any CPU.ActiveCfg = Release|Any CPU
		{09DED285-A0AE-7644-2001-1F767122BD51}.Release|Any CPU.Build.0 = Release|Any CPU
	EndGlobalSection
	GlobalSection(SolutionProperties) = preSolution
		HideSolutionNode = FALSE
	EndGlobalSection
	GlobalSection(ExtensibilityGlobals) = postSolution
		SolutionGuid = {2434B25D-1093-4223-BEA1-B4F40D4FB1FE}
	EndGlobalSection
EndGlobal
